# akua.lock — machine-maintained. Never hand-edit.
# Regenerated by `akua add`, `akua pull`, `akua publish`, `akua update`.

version = 1

[[package]]
name = "podinfo"
version = "6.12.0"
source = "helm+https://stefanprodan.github.io/podinfo#podinfo"
digest = "sha256:c2244728e28bdbc091c1b143de8a04e5696ded9dabf5df0af7154f3139a0e4f2"
