# akua.lock — machine-maintained. Never hand-edit.
# Regenerated by `akua add`, `akua pull`, `akua publish`, `akua update`.

version = 1

[[package]]
name = "upstream"
version = "local"
source = "path+file://./upstream-chart"
digest = "sha256:3b9fd3cd555bc59c4945581b863191b2b673a201f205f7c7a1fb27ee30030bf8"
